
Microsoft Visual Studio Solution File, Format Version 12.00
# Visual Studio Version 17
VisualStudioVersion = 17.5.33502.453
MinimumVisualStudioVersion = 10.0.40219.1
Project("{FAE04EC0-301F-11D3-BF4B-00C04F79EFBC}") = "CapaDatos", "CapaDatos\CapaDatos.csproj", "{C2C8BFBF-3779-456D-8EC2-3651C9D5E685}"
EndProject
Project("{FAE04EC0-301F-11D3-BF4B-00C04F79EFBC}") = "CapaNegocios", "CapaNegocios\CapaNegocios.csproj", "{020D6B36-3181-4885-B178-11C516722EFD}"
EndProject
Project("{FAE04EC0-301F-11D3-BF4B-00C04F79EFBC}") = "CapaPresentacion", "CapaPresentacion\CapaPresentacion.csproj", "{A3BD42F5-CB36-473C-8375-3572C6707F42}"
EndProject
Global
	GlobalSection(SolutionConfigurationPlatforms) = preSolution
		Debug|Any CPU = Debug|Any CPU
		Release|Any CPU = Release|Any CPU
	EndGlobalSection
	GlobalSection(ProjectConfigurationPlatforms) = postSolution
		{C2C8BFBF-3779-456D-8EC2-3651C9D5E685}.Debug|Any CPU.ActiveCfg = Debug|Any CPU
		{C2C8BFBF-3779-456D-8EC2-3651C9D5E685}.Debug|Any CPU.Build.0 = Debug|Any CPU
		{C2C8BFBF-3779-456D-8EC2-3651C9D5E685}.Release|Any CPU.ActiveCfg = Release|Any CPU
		{C2C8BFBF-3779-456D-8EC2-3651C9D5E685}.Release|Any CPU.Build.0 = Release|Any CPU
		{020D6B36-3181-4885-B178-11C516722EFD}.Debug|Any CPU.ActiveCfg = Debug|Any CPU
		{020D6B36-3181-4885-B178-11C516722EFD}.Debug|Any CPU.Build.0 = Debug|Any CPU
		{020D6B36-3181-4885-B178-11C516722EFD}.Release|Any CPU.ActiveCfg = Release|Any CPU
		{020D6B36-3181-4885-B178-11C516722EFD}.Release|Any CPU.Build.0 = Release|Any CPU
		{A3BD42F5-CB36-473C-8375-3572C6707F42}.Debug|Any CPU.ActiveCfg = Debug|Any CPU
		{A3BD42F5-CB36-473C-8375-3572C6707F42}.Debug|Any CPU.Build.0 = Debug|Any CPU
		{A3BD42F5-CB36-473C-8375-3572C6707F42}.Release|Any CPU.ActiveCfg = Release|Any CPU
		{A3BD42F5-CB36-473C-8375-3572C6707F42}.Release|Any CPU.Build.0 = Release|Any CPU
	EndGlobalSection
	GlobalSection(SolutionProperties) = preSolution
		HideSolutionNode = FALSE
	EndGlobalSection
	GlobalSection(ExtensibilityGlobals) = postSolution
		SolutionGuid = {27A9ADBC-EB54-45BB-9337-DB47AE060FAB}
	EndGlobalSection
EndGlobal
